// !$*UTF8*$!
{
	archiveVersion = 1;
	classes = {
	};
	objectVersion = 54;
	objects = {

/* Begin PBXBuildFile section */
		24201FD492977876BD268189 /* Pods_SocketTestTests.framework in Frameworks */ = {isa = PBXBuildFile; fileRef = 5AED1D566A5F90D68156AC86 /* Pods_SocketTestTests.framework */; };
		7B1000664AC29DD09F92AAC0 /* Pods_SocketTest_SocketTestUITests.framework in Frameworks */ = {isa = PBXBuildFile; fileRef = A21F988BF0C52B82829CD229 /* Pods_SocketTest_SocketTestUITests.framework */; };
		7DFA5B0D92A1A6B1CF49CF0E /* Pods_SocketTest.framework in Frameworks */ = {isa = PBXBuildFile; fileRef = 589E03C784BE5A4FF5E0B348 /* Pods_SocketTest.framework */; };
		C91883DC27215F8600F2D0DC /* AppDelegate.swift in Sources */ = {isa = PBXBuildFile; fileRef = C91883DB27215F8600F2D0DC /* AppDelegate.swift */; };
		C91883DE27215F8600F2D0DC /* SceneDelegate.swift in Sources */ = {isa = PBXBuildFile; fileRef = C91883DD27215F8600F2D0DC /* SceneDelegate.swift */; };
		C91883E027215F8600F2D0DC /* ViewController.swift in Sources */ = {isa = PBXBuildFile; fileRef = C91883DF27215F8600F2D0DC /* ViewController.swift */; };
		C91883E327215F8600F2D0DC /* Main.storyboard in Resources */ = {isa = PBXBuildFile; fileRef = C91883E127215F8600F2D0DC /* Main.storyboard */; };
		C91883E527215F8700F2D0DC /* Assets.xcassets in Resources */ = {isa = PBXBuildFile; fileRef = C91883E427215F8700F2D0DC /* Assets.xcassets */; };
		C91883E827215F8700F2D0DC /* LaunchScreen.storyboard in Resources */ = {isa = PBXBuildFile; fileRef = C91883E627215F8700F2D0DC /* LaunchScreen.storyboard */; };
		C91883F327215F8700F2D0DC /* SocketTestTests.swift in Sources */ = {isa = PBXBuildFile; fileRef = C91883F227215F8700F2D0DC /* SocketTestTests.swift */; };
		C91883FD27215F8700F2D0DC /* SocketTestUITests.swift in Sources */ = {isa = PBXBuildFile; fileRef = C91883FC27215F8700F2D0DC /* SocketTestUITests.swift */; };
		C91883FF27215F8700F2D0DC /* SocketTestUITestsLaunchTests.swift in Sources */ = {isa = PBXBuildFile; fileRef = C91883FE27215F8700F2D0DC /* SocketTestUITestsLaunchTests.swift */; };
		C91884482721646200F2D0DC /* SocketIOManager.swift in Sources */ = {isa = PBXBuildFile; fileRef = C91884472721646200F2D0DC /* SocketIOManager.swift */; };
/* End PBXBuildFile section */

/* Begin PBXContainerItemProxy section */
		C91883EF27215F8700F2D0DC /* PBXContainerItemProxy */ = {
			isa = PBXContainerItemProxy;
			containerPortal = C91883D027215F8600F2D0DC /* Project object */;
			proxyType = 1;
			remoteGlobalIDString = C91883D727215F8600F2D0DC;
			remoteInfo = SocketTest;
		};
		C91883F927215F8700F2D0DC /* PBXContainerItemProxy */ = {
			isa = PBXContainerItemProxy;
			containerPortal = C91883D027215F8600F2D0DC /* Project object */;
			proxyType = 1;
			remoteGlobalIDString = C91883D727215F8600F2D0DC;
			remoteInfo = SocketTest;
		};
/* End PBXContainerItemProxy section */

/* Begin PBXFileReference section */
		2DA4A3BE740AC1BB2B461536 /* Pods-SocketTestTests.release.xcconfig */ = {isa = PBXFileReference; includeInIndex = 1; lastKnownFileType = text.xcconfig; name = "Pods-SocketTestTests.release.xcconfig"; path = "Target Support Files/Pods-SocketTestTests/Pods-SocketTestTests.release.xcconfig"; sourceTree = "<group>"; };
		46236E3BB3AC70C19D2AE668 /* Pods-SocketTest.debug.xcconfig */ = {isa = PBXFileReference; includeInIndex = 1; lastKnownFileType = text.xcconfig; name = "Pods-SocketTest.debug.xcconfig"; path = "Target Support Files/Pods-SocketTest/Pods-SocketTest.debug.xcconfig"; sourceTree = "<group>"; };
		589E03C784BE5A4FF5E0B348 /* Pods_SocketTest.framework */ = {isa = PBXFileReference; explicitFileType = wrapper.framework; includeInIndex = 0; path = Pods_SocketTest.framework; sourceTree = BUILT_PRODUCTS_DIR; };
		5AED1D566A5F90D68156AC86 /* Pods_SocketTestTests.framework */ = {isa = PBXFileReference; explicitFileType = wrapper.framework; includeInIndex = 0; path = Pods_SocketTestTests.framework; sourceTree = BUILT_PRODUCTS_DIR; };
		8AA9E79AF3B74BDCD98EE495 /* Pods-SocketTest.release.xcconfig */ = {isa = PBXFileReference; includeInIndex = 1; lastKnownFileType = text.xcconfig; name = "Pods-SocketTest.release.xcconfig"; path = "Target Support Files/Pods-SocketTest/Pods-SocketTest.release.xcconfig"; sourceTree = "<group>"; };
		A21F988BF0C52B82829CD229 /* Pods_SocketTest_SocketTestUITests.framework */ = {isa = PBXFileReference; explicitFileType = wrapper.framework; includeInIndex = 0; path = Pods_SocketTest_SocketTestUITests.framework; sourceTree = BUILT_PRODUCTS_DIR; };
		C91883D827215F8600F2D0DC /* SocketTest.app */ = {isa = PBXFileReference; explicitFileType = wrapper.application; includeInIndex = 0; path = SocketTest.app; sourceTree = BUILT_PRODUCTS_DIR; };
		C91883DB27215F8600F2D0DC /* AppDelegate.swift */ = {isa = PBXFileReference; lastKnownFileType = sourcecode.swift; path = AppDelegate.swift; sourceTree = "<group>"; };
		C91883DD27215F8600F2D0DC /* SceneDelegate.swift */ = {isa = PBXFileReference; lastKnownFileType = sourcecode.swift; path = SceneDelegate.swift; sourceTree = "<group>"; };
		C91883DF27215F8600F2D0DC /* ViewController.swift */ = {isa = PBXFileReference; lastKnownFileType = sourcecode.swift; path = ViewController.swift; sourceTree = "<group>"; };
		C91883E227215F8600F2D0DC /* Base */ = {isa = PBXFileReference; lastKnownFileType = file.storyboard; name = Base; path = Base.lproj/Main.storyboard; sourceTree = "<group>"; };
		C91883E427215F8700F2D0DC /* Assets.xcassets */ = {isa = PBXFileReference; lastKnownFileType = folder.assetcatalog; path = Assets.xcassets; sourceTree = "<group>"; };
		C91883E727215F8700F2D0DC /* Base */ = {isa = PBXFileReference; lastKnownFileType = file.storyboard; name = Base; path = Base.lproj/LaunchScreen.storyboard; sourceTree = "<group>"; };
		C91883E927215F8700F2D0DC /* Info.plist */ = {isa = PBXFileReference; lastKnownFileType = text.plist.xml; path = Info.plist; sourceTree = "<group>"; };
		C91883EE27215F8700F2D0DC /* SocketTestTests.xctest */ = {isa = PBXFileReference; explicitFileType = wrapper.cfbundle; includeInIndex = 0; path = SocketTestTests.xctest; sourceTree = BUILT_PRODUCTS_DIR; };
		C91883F227215F8700F2D0DC /* SocketTestTests.swift */ = {isa = PBXFileReference; lastKnownFileType = sourcecode.swift; path = SocketTestTests.swift; sourceTree = "<group>"; };
		C91883F827215F8700F2D0DC /* SocketTestUITests.xctest */ = {isa = PBXFileReference; explicitFileType = wrapper.cfbundle; includeInIndex = 0; path = SocketTestUITests.xctest; sourceTree = BUILT_PRODUCTS_DIR; };
		C91883FC27215F8700F2D0DC /* SocketTestUITests.swift */ = {isa = PBXFileReference; lastKnownFileType = sourcecode.swift; path = SocketTestUITests.swift; sourceTree = "<group>"; };
		C91883FE27215F8700F2D0DC /* SocketTestUITestsLaunchTests.swift */ = {isa = PBXFileReference; lastKnownFileType = sourcecode.swift; path = SocketTestUITestsLaunchTests.swift; sourceTree = "<group>"; };
		C91884472721646200F2D0DC /* SocketIOManager.swift */ = {isa = PBXFileReference; lastKnownFileType = sourcecode.swift; path = SocketIOManager.swift; sourceTree = "<group>"; };
		CA8EDAD3B864D878F7C84A3E /* Pods-SocketTestTests.debug.xcconfig */ = {isa = PBXFileReference; includeInIndex = 1; lastKnownFileType = text.xcconfig; name = "Pods-SocketTestTests.debug.xcconfig"; path = "Target Support Files/Pods-SocketTestTests/Pods-SocketTestTests.debug.xcconfig"; sourceTree = "<group>"; };
		CE45E2C366B2515A8C238D13 /* Pods-SocketTest-SocketTestUITests.release.xcconfig */ = {isa = PBXFileReference; includeInIndex = 1; lastKnownFileType = text.xcconfig; name = "Pods-SocketTest-SocketTestUITests.release.xcconfig"; path = "Target Support Files/Pods-SocketTest-SocketTestUITests/Pods-SocketTest-SocketTestUITests.release.xcconfig"; sourceTree = "<group>"; };
		CFE1A1676F8AF8DC9CF9A928 /* Pods-SocketTest-SocketTestUITests.debug.xcconfig */ = {isa = PBXFileReference; includeInIndex = 1; lastKnownFileType = text.xcconfig; name = "Pods-SocketTest-SocketTestUITests.debug.xcconfig"; path = "Target Support Files/Pods-SocketTest-SocketTestUITests/Pods-SocketTest-SocketTestUITests.debug.xcconfig"; sourceTree = "<group>"; };
/* End PBXFileReference section */

/* Begin PBXFrameworksBuildPhase section */
		C91883D527215F8600F2D0DC /* Frameworks */ = {
			isa = PBXFrameworksBuildPhase;
			buildActionMask = 2147483647;
			files = (
				7DFA5B0D92A1A6B1CF49CF0E /* Pods_SocketTest.framework in Frameworks */,
			);
			runOnlyForDeploymentPostprocessing = 0;
		};
		C91883EB27215F8700F2D0DC /* Frameworks */ = {
			isa = PBXFrameworksBuildPhase;
			buildActionMask = 2147483647;
			files = (
				24201FD492977876BD268189 /* Pods_SocketTestTests.framework in Frameworks */,
			);
			runOnlyForDeploymentPostprocessing = 0;
		};
		C91883F527215F8700F2D0DC /* Frameworks */ = {
			isa = PBXFrameworksBuildPhase;
			buildActionMask = 2147483647;
			files = (
				7B1000664AC29DD09F92AAC0 /* Pods_SocketTest_SocketTestUITests.framework in Frameworks */,
			);
			runOnlyForDeploymentPostprocessing = 0;
		};
/* End PBXFrameworksBuildPhase section */

/* Begin PBXGroup section */
		5369849234DA8C129DDE9492 /* Pods */ = {
			isa = PBXGroup;
			children = (
				46236E3BB3AC70C19D2AE668 /* Pods-SocketTest.debug.xcconfig */,
				8AA9E79AF3B74BDCD98EE495 /* Pods-SocketTest.release.xcconfig */,
				CFE1A1676F8AF8DC9CF9A928 /* Pods-SocketTest-SocketTestUITests.debug.xcconfig */,
				CE45E2C366B2515A8C238D13 /* Pods-SocketTest-SocketTestUITests.release.xcconfig */,
				CA8EDAD3B864D878F7C84A3E /* Pods-SocketTestTests.debug.xcconfig */,
				2DA4A3BE740AC1BB2B461536 /* Pods-SocketTestTests.release.xcconfig */,
			);
			path = Pods;
			sourceTree = "<group>";
		};
		AC33F98E3E201D4651167D14 /* Frameworks */ = {
			isa = PBXGroup;
			children = (
				589E03C784BE5A4FF5E0B348 /* Pods_SocketTest.framework */,
				A21F988BF0C52B82829CD229 /* Pods_SocketTest_SocketTestUITests.framework */,
				5AED1D566A5F90D68156AC86 /* Pods_SocketTestTests.framework */,
			);
			name = Frameworks;
			sourceTree = "<group>";
		};
		C91883CF27215F8600F2D0DC = {
			isa = PBXGroup;
			children = (
				C91883DA27215F8600F2D0DC /* SocketTest */,
				C91883F127215F8700F2D0DC /* SocketTestTests */,
				C91883FB27215F8700F2D0DC /* SocketTestUITests */,
				C91883D927215F8600F2D0DC /* Products */,
				5369849234DA8C129DDE9492 /* Pods */,
				AC33F98E3E201D4651167D14 /* Frameworks */,
			);
			sourceTree = "<group>";
		};
		C91883D927215F8600F2D0DC /* Products */ = {
			isa = PBXGroup;
			children = (
				C91883D827215F8600F2D0DC /* SocketTest.app */,
				C91883EE27215F8700F2D0DC /* SocketTestTests.xctest */,
				C91883F827215F8700F2D0DC /* SocketTestUITests.xctest */,
			);
			name = Products;
			sourceTree = "<group>";
		};
		C91883DA27215F8600F2D0DC /* SocketTest */ = {
			isa = PBXGroup;
			children = (
				C91883DB27215F8600F2D0DC /* AppDelegate.swift */,
				C91883DD27215F8600F2D0DC /* SceneDelegate.swift */,
				C91884472721646200F2D0DC /* SocketIOManager.swift */,
				C91883DF27215F8600F2D0DC /* ViewController.swift */,
				C91883E127215F8600F2D0DC /* Main.storyboard */,
				C91883E427215F8700F2D0DC /* Assets.xcassets */,
				C91883E627215F8700F2D0DC /* LaunchScreen.storyboard */,
				C91883E927215F8700F2D0DC /* Info.plist */,
			);
			path = SocketTest;
			sourceTree = "<group>";
		};
		C91883F127215F8700F2D0DC /* SocketTestTests */ = {
			isa = PBXGroup;
			children = (
				C91883F227215F8700F2D0DC /* SocketTestTests.swift */,
			);
			path = SocketTestTests;
			sourceTree = "<group>";
		};
		C91883FB27215F8700F2D0DC /* SocketTestUITests */ = {
			isa = PBXGroup;
			children = (
				C91883FC27215F8700F2D0DC /* SocketTestUITests.swift */,
				C91883FE27215F8700F2D0DC /* SocketTestUITestsLaunchTests.swift */,
			);
			path = SocketTestUITests;
			sourceTree = "<group>";
		};
/* End PBXGroup section */

/* Begin PBXNativeTarget section */
		C91883D727215F8600F2D0DC /* SocketTest */ = {
			isa = PBXNativeTarget;
			buildConfigurationList = C918840227215F8700F2D0DC /* Build configuration list for PBXNativeTarget "SocketTest" */;
			buildPhases = (
				67CCEC6E8DF0E99F864836C2 /* [CP] Check Pods Manifest.lock */,
				C91883D427215F8600F2D0DC /* Sources */,
				C91883D527215F8600F2D0DC /* Frameworks */,
				C91883D627215F8600F2D0DC /* Resources */,
				A6777FD79E63A51AED081915 /* [CP] Embed Pods Frameworks */,
			);
			buildRules = (
			);
			dependencies = (
			);
			name = SocketTest;
			productName = SocketTest;
			productReference = C91883D827215F8600F2D0DC /* SocketTest.app */;
			productType = "com.apple.product-type.application";
		};
		C91883ED27215F8700F2D0DC /* SocketTestTests */ = {
			isa = PBXNativeTarget;
			buildConfigurationList = C918840527215F8700F2D0DC /* Build configuration list for PBXNativeTarget "SocketTestTests" */;
			buildPhases = (
				0522A7CFEA604F6D62AAD271 /* [CP] Check Pods Manifest.lock */,
				C91883EA27215F8700F2D0DC /* Sources */,
				C91883EB27215F8700F2D0DC /* Frameworks */,
				C91883EC27215F8700F2D0DC /* Resources */,
			);
			buildRules = (
			);
			dependencies = (
				C91883F027215F8700F2D0DC /* PBXTargetDependency */,
			);
			name = SocketTestTests;
			productName = SocketTestTests;
			productReference = C91883EE27215F8700F2D0DC /* SocketTestTests.xctest */;
			productType = "com.apple.product-type.bundle.unit-test";
		};
		C91883F727215F8700F2D0DC /* SocketTestUITests */ = {
			isa = PBXNativeTarget;
			buildConfigurationList = C918840827215F8700F2D0DC /* Build configuration list for PBXNativeTarget "SocketTestUITests" */;
			buildPhases = (
				BA08ABFE31336A6BA020B76F /* [CP] Check Pods Manifest.lock */,
				C91883F427215F8700F2D0DC /* Sources */,
				C91883F527215F8700F2D0DC /* Frameworks */,
				C91883F627215F8700F2D0DC /* Resources */,
				B633C3425CFD8239BB7738AD /* [CP] Embed Pods Frameworks */,
			);
			buildRules = (
			);
			dependencies = (
				C91883FA27215F8700F2D0DC /* PBXTargetDependency */,
			);
			name = SocketTestUITests;
			productName = SocketTestUITests;
			productReference = C91883F827215F8700F2D0DC /* SocketTestUITests.xctest */;
			productType = "com.apple.product-type.bundle.ui-testing";
		};
/* End PBXNativeTarget section */

/* Begin PBXProject section */
		C91883D027215F8600F2D0DC /* Project object */ = {
			isa = PBXProject;
			attributes = {
				BuildIndependentTargetsInParallel = 1;
				LastSwiftUpdateCheck = 1300;
				LastUpgradeCheck = 1300;
				TargetAttributes = {
					C91883D727215F8600F2D0DC = {
						CreatedOnToolsVersion = 13.0;
					};
					C91883ED27215F8700F2D0DC = {
						CreatedOnToolsVersion = 13.0;
						TestTargetID = C91883D727215F8600F2D0DC;
					};
					C91883F727215F8700F2D0DC = {
						CreatedOnToolsVersion = 13.0;
						TestTargetID = C91883D727215F8600F2D0DC;
					};
				};
			};
			buildConfigurationList = C91883D327215F8600F2D0DC /* Build configuration list for PBXProject "SocketTest" */;
			compatibilityVersion = "Xcode 12.0";
			developmentRegion = en;
			hasScannedForEncodings = 0;
			knownRegions = (
				en,
				Base,
			);
			mainGroup = C91883CF27215F8600F2D0DC;
			productRefGroup = C91883D927215F8600F2D0DC /* Products */;
			projectDirPath = "";
			projectRoot = "";
			targets = (
				C91883D727215F8600F2D0DC /* SocketTest */,
				C91883ED27215F8700F2D0DC /* SocketTestTests */,
				C91883F727215F8700F2D0DC /* SocketTestUITests */,
			);
		};
/* End PBXProject section */

/* Begin PBXResourcesBuildPhase section */
		C91883D627215F8600F2D0DC /* Resources */ = {
			isa = PBXResourcesBuildPhase;
			buildActionMask = 2147483647;
			files = (
				C91883E827215F8700F2D0DC /* LaunchScreen.storyboard in Resources */,
				C91883E527215F8700F2D0DC /* Assets.xcassets in Resources */,
				C91883E327215F8600F2D0DC /* Main.storyboard in Resources */,
			);
			runOnlyForDeploymentPostprocessing = 0;
		};
		C91883EC27215F8700F2D0DC /* Resources */ = {
			isa = PBXResourcesBuildPhase;
			buildActionMask = 2147483647;
			files = (
			);
			runOnlyForDeploymentPostprocessing = 0;
		};
		C91883F627215F8700F2D0DC /* Resources */ = {
			isa = PBXResourcesBuildPhase;
			buildActionMask = 2147483647;
			files = (
			);
			runOnlyForDeploymentPostprocessing = 0;
		};
/* End PBXResourcesBuildPhase section */

/* Begin PBXShellScriptBuildPhase section */
		0522A7CFEA604F6D62AAD271 /* [CP] Check Pods Manifest.lock */ = {
			isa = PBXShellScriptBuildPhase;
			buildActionMask = 2147483647;
			files = (
			);
			inputFileListPaths = (
			);
			inputPaths = (
				"${PODS_PODFILE_DIR_PATH}/Podfile.lock",
				"${PODS_ROOT}/Manifest.lock",
			);
			name = "[CP] Check Pods Manifest.lock";
			outputFileListPaths = (
			);
			outputPaths = (
				"$(DERIVED_FILE_DIR)/Pods-SocketTestTests-checkManifestLockResult.txt",
			);
			runOnlyForDeploymentPostprocessing = 0;
			shellPath = /bin/sh;
			shellScript = "diff \"${PODS_PODFILE_DIR_PATH}/Podfile.lock\" \"${PODS_ROOT}/Manifest.lock\" > /dev/null\nif [ $? != 0 ] ; then\n    # print error to STDERR\n    echo \"error: The sandbox is not in sync with the Podfile.lock. Run 'pod install' or update your CocoaPods installation.\" >&2\n    exit 1\nfi\n# This output is used by Xcode 'outputs' to avoid re-running this script phase.\necho \"SUCCESS\" > \"${SCRIPT_OUTPUT_FILE_0}\"\n";
			showEnvVarsInLog = 0;
		};
		67CCEC6E8DF0E99F864836C2 /* [CP] Check Pods Manifest.lock */ = {
			isa = PBXShellScriptBuildPhase;
			buildActionMask = 2147483647;
			files = (
			);
			inputFileListPaths = (
			);
			inputPaths = (
				"${PODS_PODFILE_DIR_PATH}/Podfile.lock",
				"${PODS_ROOT}/Manifest.lock",
			);
			name = "[CP] Check Pods Manifest.lock";
			outputFileListPaths = (
			);
			outputPaths = (
				"$(DERIVED_FILE_DIR)/Pods-SocketTest-checkManifestLockResult.txt",
			);
			runOnlyForDeploymentPostprocessing = 0;
			shellPath = /bin/sh;
			shellScript = "diff \"${PODS_PODFILE_DIR_PATH}/Podfile.lock\" \"${PODS_ROOT}/Manifest.lock\" > /dev/null\nif [ $? != 0 ] ; then\n    # print error to STDERR\n    echo \"error: The sandbox is not in sync with the Podfile.lock. Run 'pod install' or update your CocoaPods installation.\" >&2\n    exit 1\nfi\n# This output is used by Xcode 'outputs' to avoid re-running this script phase.\necho \"SUCCESS\" > \"${SCRIPT_OUTPUT_FILE_0}\"\n";
			showEnvVarsInLog = 0;
		};
		A6777FD79E63A51AED081915 /* [CP] Embed Pods Frameworks */ = {
			isa = PBXShellScriptBuildPhase;
			buildActionMask = 2147483647;
			files = (
			);
			inputFileListPaths = (
				"${PODS_ROOT}/Target Support Files/Pods-SocketTest/Pods-SocketTest-frameworks-${CONFIGURATION}-input-files.xcfilelist",
			);
			name = "[CP] Embed Pods Frameworks";
			outputFileListPaths = (
				"${PODS_ROOT}/Target Support Files/Pods-SocketTest/Pods-SocketTest-frameworks-${CONFIGURATION}-output-files.xcfilelist",
			);
			runOnlyForDeploymentPostprocessing = 0;
			shellPath = /bin/sh;
			shellScript = "\"${PODS_ROOT}/Target Support Files/Pods-SocketTest/Pods-SocketTest-frameworks.sh\"\n";
			showEnvVarsInLog = 0;
		};
		B633C3425CFD8239BB7738AD /* [CP] Embed Pods Frameworks */ = {
			isa = PBXShellScriptBuildPhase;
			buildActionMask = 2147483647;
			files = (
			);
			inputFileListPaths = (
				"${PODS_ROOT}/Target Support Files/Pods-SocketTest-SocketTestUITests/Pods-SocketTest-SocketTestUITests-frameworks-${CONFIGURATION}-input-files.xcfilelist",
			);
			name = "[CP] Embed Pods Frameworks";
			outputFileListPaths = (
				"${PODS_ROOT}/Target Support Files/Pods-SocketTest-SocketTestUITests/Pods-SocketTest-SocketTestUITests-frameworks-${CONFIGURATION}-output-files.xcfilelist",
			);
			runOnlyForDeploymentPostprocessing = 0;
			shellPath = /bin/sh;
			shellScript = "\"${PODS_ROOT}/Target Support Files/Pods-SocketTest-SocketTestUITests/Pods-SocketTest-SocketTestUITests-frameworks.sh\"\n";
			showEnvVarsInLog = 0;
		};
		BA08ABFE31336A6BA020B76F /* [CP] Check Pods Manifest.lock */ = {
			isa = PBXShellScriptBuildPhase;
			buildActionMask = 2147483647;
			files = (
			);
			inputFileListPaths = (
			);
			inputPaths = (
				"${PODS_PODFILE_DIR_PATH}/Podfile.lock",
				"${PODS_ROOT}/Manifest.lock",
			);
			name = "[CP] Check Pods Manifest.lock";
			outputFileListPaths = (
			);
			outputPaths = (
				"$(DERIVED_FILE_DIR)/Pods-SocketTest-SocketTestUITests-checkManifestLockResult.txt",
			);
			runOnlyForDeploymentPostprocessing = 0;
			shellPath = /bin/sh;
			shellScript = "diff \"${PODS_PODFILE_DIR_PATH}/Podfile.lock\" \"${PODS_ROOT}/Manifest.lock\" > /dev/null\nif [ $? != 0 ] ; then\n    # print error to STDERR\n    echo \"error: The sandbox is not in sync with the Podfile.lock. Run 'pod install' or update your CocoaPods installation.\" >&2\n    exit 1\nfi\n# This output is used by Xcode 'outputs' to avoid re-running this script phase.\necho \"SUCCESS\" > \"${SCRIPT_OUTPUT_FILE_0}\"\n";
			showEnvVarsInLog = 0;
		};
/* End PBXShellScriptBuildPhase section */

/* Begin PBXSourcesBuildPhase section */
		C91883D427215F8600F2D0DC /* Sources */ = {
			isa = PBXSourcesBuildPhase;
			buildActionMask = 2147483647;
			files = (
				C91884482721646200F2D0DC /* SocketIOManager.swift in Sources */,
				C91883E027215F8600F2D0DC /* ViewController.swift in Sources */,
				C91883DC27215F8600F2D0DC /* AppDelegate.swift in Sources */,
				C91883DE27215F8600F2D0DC /* SceneDelegate.swift in Sources */,
			);
			runOnlyForDeploymentPostprocessing = 0;
		};
		C91883EA27215F8700F2D0DC /* Sources */ = {
			isa = PBXSourcesBuildPhase;
			buildActionMask = 2147483647;
			files = (
				C91883F327215F8700F2D0DC /* SocketTestTests.swift in Sources */,
			);
			runOnlyForDeploymentPostprocessing = 0;
		};
		C91883F427215F8700F2D0DC /* Sources */ = {
			isa = PBXSourcesBuildPhase;
			buildActionMask = 2147483647;
			files = (
				C91883FD27215F8700F2D0DC /* SocketTestUITests.swift in Sources */,
				C91883FF27215F8700F2D0DC /* SocketTestUITestsLaunchTests.swift in Sources */,
			);
			runOnlyForDeploymentPostprocessing = 0;
		};
/* End PBXSourcesBuildPhase section */

/* Begin PBXTargetDependency section */
		C91883F027215F8700F2D0DC /* PBXTargetDependency */ = {
			isa = PBXTargetDependency;
			target = C91883D727215F8600F2D0DC /* SocketTest */;
			targetProxy = C91883EF27215F8700F2D0DC /* PBXContainerItemProxy */;
		};
		C91883FA27215F8700F2D0DC /* PBXTargetDependency */ = {
			isa = PBXTargetDependency;
			target = C91883D727215F8600F2D0DC /* SocketTest */;
			targetProxy = C91883F927215F8700F2D0DC /* PBXContainerItemProxy */;
		};
/* End PBXTargetDependency section */

/* Begin PBXVariantGroup section */
		C91883E127215F8600F2D0DC /* Main.storyboard */ = {
			isa = PBXVariantGroup;
			children = (
				C91883E227215F8600F2D0DC /* Base */,
			);
			name = Main.storyboard;
			sourceTree = "<group>";
		};
		C91883E627215F8700F2D0DC /* LaunchScreen.storyboard */ = {
			isa = PBXVariantGroup;
			children = (
				C91883E727215F8700F2D0DC /* Base */,
			);
			name = LaunchScreen.storyboard;
			sourceTree = "<group>";
		};
/* End PBXVariantGroup section */

/* Begin XCBuildConfiguration section */
		C918840027215F8700F2D0DC /* Debug */ = {
			isa = XCBuildConfiguration;
			buildSettings = {
				ALWAYS_SEARCH_USER_PATHS = NO;
				CLANG_ANALYZER_NONNULL = YES;
				CLANG_ANALYZER_NUMBER_OBJECT_CONVERSION = YES_AGGRESSIVE;
				CLANG_CXX_LANGUAGE_STANDARD = "gnu++17";
				CLANG_CXX_LIBRARY = "libc++";
				CLANG_ENABLE_MODULES = YES;
				CLANG_ENABLE_OBJC_ARC = YES;
				CLANG_ENABLE_OBJC_WEAK = YES;
				CLANG_WARN_BLOCK_CAPTURE_AUTORELEASING = YES;
				CLANG_WARN_BOOL_CONVERSION = YES;
				CLANG_WARN_COMMA = YES;
				CLANG_WARN_CONSTANT_CONVERSION = YES;
				CLANG_WARN_DEPRECATED_OBJC_IMPLEMENTATIONS = YES;
				CLANG_WARN_DIRECT_OBJC_ISA_USAGE = YES_ERROR;
				CLANG_WARN_DOCUMENTATION_COMMENTS = YES;
				CLANG_WARN_EMPTY_BODY = YES;
				CLANG_WARN_ENUM_CONVERSION = YES;
				CLANG_WARN_INFINITE_RECURSION = YES;
				CLANG_WARN_INT_CONVERSION = YES;
				CLANG_WARN_NON_LITERAL_NULL_CONVERSION = YES;
				CLANG_WARN_OBJC_IMPLICIT_RETAIN_SELF = YES;
				CLANG_WARN_OBJC_LITERAL_CONVERSION = YES;
				CLANG_WARN_OBJC_ROOT_CLASS = YES_ERROR;
				CLANG_WARN_QUOTED_INCLUDE_IN_FRAMEWORK_HEADER = YES;
				CLANG_WARN_RANGE_LOOP_ANALYSIS = YES;
				CLANG_WARN_STRICT_PROTOTYPES = YES;
				CLANG_WARN_SUSPICIOUS_MOVE = YES;
				CLANG_WARN_UNGUARDED_AVAILABILITY = YES_AGGRESSIVE;
				CLANG_WARN_UNREACHABLE_CODE = YES;
				CLANG_WARN__DUPLICATE_METHOD_MATCH = YES;
				COPY_PHASE_STRIP = NO;
				DEBUG_INFORMATION_FORMAT = dwarf;
				ENABLE_STRICT_OBJC_MSGSEND = YES;
				ENABLE_TESTABILITY = YES;
				GCC_C_LANGUAGE_STANDARD = gnu11;
				GCC_DYNAMIC_NO_PIC = NO;
				GCC_NO_COMMON_BLOCKS = YES;
				GCC_OPTIMIZATION_LEVEL = 0;
				GCC_PREPROCESSOR_DEFINITIONS = (
					"DEBUG=1",
					"$(inherited)",
				);
				GCC_WARN_64_TO_32_BIT_CONVERSION = YES;
				GCC_WARN_ABOUT_RETURN_TYPE = YES_ERROR;
				GCC_WARN_UNDECLARED_SELECTOR = YES;
				GCC_WARN_UNINITIALIZED_AUTOS = YES_AGGRESSIVE;
				GCC_WARN_UNUSED_FUNCTION = YES;
				GCC_WARN_UNUSED_VARIABLE = YES;
				IPHONEOS_DEPLOYMENT_TARGET = 15.0;
				MTL_ENABLE_DEBUG_INFO = INCLUDE_SOURCE;
				MTL_FAST_MATH = YES;
				ONLY_ACTIVE_ARCH = YES;
				SDKROOT = iphoneos;
				SWIFT_ACTIVE_COMPILATION_CONDITIONS = DEBUG;
				SWIFT_OPTIMIZATION_LEVEL = "-Onone";
			};
			name = Debug;
		};
		C918840127215F8700F2D0DC /* Release */ = {
			isa = XCBuildConfiguration;
			buildSettings = {
				ALWAYS_SEARCH_USER_PATHS = NO;
				CLANG_ANALYZER_NONNULL = YES;
				CLANG_ANALYZER_NUMBER_OBJECT_CONVERSION = YES_AGGRESSIVE;
				CLANG_CXX_LANGUAGE_STANDARD = "gnu++17";
				CLANG_CXX_LIBRARY = "libc++";
				CLANG_ENABLE_MODULES = YES;
				CLANG_ENABLE_OBJC_ARC = YES;
				CLANG_ENABLE_OBJC_WEAK = YES;
				CLANG_WARN_BLOCK_CAPTURE_AUTORELEASING = YES;
				CLANG_WARN_BOOL_CONVERSION = YES;
				CLANG_WARN_COMMA = YES;
				CLANG_WARN_CONSTANT_CONVERSION = YES;
				CLANG_WARN_DEPRECATED_OBJC_IMPLEMENTATIONS = YES;
				CLANG_WARN_DIRECT_OBJC_ISA_USAGE = YES_ERROR;
				CLANG_WARN_DOCUMENTATION_COMMENTS = YES;
				CLANG_WARN_EMPTY_BODY = YES;
				CLANG_WARN_ENUM_CONVERSION = YES;
				CLANG_WARN_INFINITE_RECURSION = YES;
				CLANG_WARN_INT_CONVERSION = YES;
				CLANG_WARN_NON_LITERAL_NULL_CONVERSION = YES;
				CLANG_WARN_OBJC_IMPLICIT_RETAIN_SELF = YES;
				CLANG_WARN_OBJC_LITERAL_CONVERSION = YES;
				CLANG_WARN_OBJC_ROOT_CLASS = YES_ERROR;
				CLANG_WARN_QUOTED_INCLUDE_IN_FRAMEWORK_HEADER = YES;
				CLANG_WARN_RANGE_LOOP_ANALYSIS = YES;
				CLANG_WARN_STRICT_PROTOTYPES = YES;
				CLANG_WARN_SUSPICIOUS_MOVE = YES;
				CLANG_WARN_UNGUARDED_AVAILABILITY = YES_AGGRESSIVE;
				CLANG_WARN_UNREACHABLE_CODE = YES;
				CLANG_WARN__DUPLICATE_METHOD_MATCH = YES;
				COPY_PHASE_STRIP = NO;
				DEBUG_INFORMATION_FORMAT = "dwarf-with-dsym";
				ENABLE_NS_ASSERTIONS = NO;
				ENABLE_STRICT_OBJC_MSGSEND = YES;
				GCC_C_LANGUAGE_STANDARD = gnu11;
				GCC_NO_COMMON_BLOCKS = YES;
				GCC_WARN_64_TO_32_BIT_CONVERSION = YES;
				GCC_WARN_ABOUT_RETURN_TYPE = YES_ERROR;
				GCC_WARN_UNDECLARED_SELECTOR = YES;
				GCC_WARN_UNINITIALIZED_AUTOS = YES_AGGRESSIVE;
				GCC_WARN_UNUSED_FUNCTION = YES;
				GCC_WARN_UNUSED_VARIABLE = YES;
				IPHONEOS_DEPLOYMENT_TARGET = 15.0;
				MTL_ENABLE_DEBUG_INFO = NO;
				MTL_FAST_MATH = YES;
				SDKROOT = iphoneos;
				SWIFT_COMPILATION_MODE = wholemodule;
				SWIFT_OPTIMIZATION_LEVEL = "-O";
				VALIDATE_PRODUCT = YES;
			};
			name = Release;
		};
		C918840327215F8700F2D0DC /* Debug */ = {
			isa = XCBuildConfiguration;
			baseConfigurationReference = 46236E3BB3AC70C19D2AE668 /* Pods-SocketTest.debug.xcconfig */;
			buildSettings = {
				ASSETCATALOG_COMPILER_APPICON_NAME = AppIcon;
				ASSETCATALOG_COMPILER_GLOBAL_ACCENT_COLOR_NAME = AccentColor;
				CODE_SIGN_STYLE = Automatic;
				CURRENT_PROJECT_VERSION = 1;
				DEVELOPMENT_TEAM = 83WLB5XAL4;
				GENERATE_INFOPLIST_FILE = YES;
				INFOPLIST_FILE = SocketTest/Info.plist;
				INFOPLIST_KEY_CFBundleDisplayName = SocketTest;
				INFOPLIST_KEY_UIApplicationSupportsIndirectInputEvents = YES;
				INFOPLIST_KEY_UILaunchStoryboardName = LaunchScreen;
				INFOPLIST_KEY_UIMainStoryboardFile = Main;
				INFOPLIST_KEY_UISupportedInterfaceOrientations_iPad = "UIInterfaceOrientationPortrait UIInterfaceOrientationPortraitUpsideDown UIInterfaceOrientationLandscapeLeft UIInterfaceOrientationLandscapeRight";
				INFOPLIST_KEY_UISupportedInterfaceOrientations_iPhone = "UIInterfaceOrientationPortrait UIInterfaceOrientationLandscapeLeft UIInterfaceOrientationLandscapeRight";
				LD_RUNPATH_SEARCH_PATHS = (
					"$(inherited)",
					"@executable_path/Frameworks",
				);
				MARKETING_VERSION = 1.0;
				PRODUCT_BUNDLE_IDENTIFIER = com.doctalk.SocketTest;
				PRODUCT_NAME = "$(TARGET_NAME)";
				SWIFT_EMIT_LOC_STRINGS = YES;
				SWIFT_VERSION = 5.0;
				TARGETED_DEVICE_FAMILY = "1,2";
			};
			name = Debug;
		};
		C918840427215F8700F2D0DC /* Release */ = {
			isa = XCBuildConfiguration;
			baseConfigurationReference = 8AA9E79AF3B74BDCD98EE495 /* Pods-SocketTest.release.xcconfig */;
			buildSettings = {
				ASSETCATALOG_COMPILER_APPICON_NAME = AppIcon;
				ASSETCATALOG_COMPILER_GLOBAL_ACCENT_COLOR_NAME = AccentColor;
				CODE_SIGN_STYLE = Automatic;
				CURRENT_PROJECT_VERSION = 1;
				DEVELOPMENT_TEAM = 83WLB5XAL4;
				GENERATE_INFOPLIST_FILE = YES;
				INFOPLIST_FILE = SocketTest/Info.plist;
				INFOPLIST_KEY_CFBundleDisplayName = SocketTest;
				INFOPLIST_KEY_UIApplicationSupportsIndirectInputEvents = YES;
				INFOPLIST_KEY_UILaunchStoryboardName = LaunchScreen;
				INFOPLIST_KEY_UIMainStoryboardFile = Main;
				INFOPLIST_KEY_UISupportedInterfaceOrientations_iPad = "UIInterfaceOrientationPortrait UIInterfaceOrientationPortraitUpsideDown UIInterfaceOrientationLandscapeLeft UIInterfaceOrientationLandscapeRight";
				INFOPLIST_KEY_UISupportedInterfaceOrientations_iPhone = "UIInterfaceOrientationPortrait UIInterfaceOrientationLandscapeLeft UIInterfaceOrientationLandscapeRight";
				LD_RUNPATH_SEARCH_PATHS = (
					"$(inherited)",
					"@executable_path/Frameworks",
				);
				MARKETING_VERSION = 1.0;
				PRODUCT_BUNDLE_IDENTIFIER = com.doctalk.SocketTest;
				PRODUCT_NAME = "$(TARGET_NAME)";
				SWIFT_EMIT_LOC_STRINGS = YES;
				SWIFT_VERSION = 5.0;
				TARGETED_DEVICE_FAMILY = "1,2";
			};
			name = Release;
		};
		C918840627215F8700F2D0DC /* Debug */ = {
			isa = XCBuildConfiguration;
			baseConfigurationReference = CA8EDAD3B864D878F7C84A3E /* Pods-SocketTestTests.debug.xcconfig */;
			buildSettings = {
				ALWAYS_EMBED_SWIFT_STANDARD_LIBRARIES = YES;
				BUNDLE_LOADER = "$(TEST_HOST)";
				CODE_SIGN_STYLE = Automatic;
				CURRENT_PROJECT_VERSION = 1;
				DEVELOPMENT_TEAM = 83WLB5XAL4;
				GENERATE_INFOPLIST_FILE = YES;
				IPHONEOS_DEPLOYMENT_TARGET = 15.0;
				LD_RUNPATH_SEARCH_PATHS = (
					"$(inherited)",
					"@executable_path/Frameworks",
					"@loader_path/Frameworks",
				);
				MARKETING_VERSION = 1.0;
				PRODUCT_BUNDLE_IDENTIFIER = com.doctalk.SocketTestTests;
				PRODUCT_NAME = "$(TARGET_NAME)";
				SWIFT_EMIT_LOC_STRINGS = NO;
				SWIFT_VERSION = 5.0;
				TARGETED_DEVICE_FAMILY = "1,2";
				TEST_HOST = "$(BUILT_PRODUCTS_DIR)/SocketTest.app/SocketTest";
			};
			name = Debug;
		};
		C918840727215F8700F2D0DC /* Release */ = {
			isa = XCBuildConfiguration;
			baseConfigurationReference = 2DA4A3BE740AC1BB2B461536 /* Pods-SocketTestTests.release.xcconfig */;
			buildSettings = {
				ALWAYS_EMBED_SWIFT_STANDARD_LIBRARIES = YES;
				BUNDLE_LOADER = "$(TEST_HOST)";
				CODE_SIGN_STYLE = Automatic;
				CURRENT_PROJECT_VERSION = 1;
				DEVELOPMENT_TEAM = 83WLB5XAL4;
				GENERATE_INFOPLIST_FILE = YES;
				IPHONEOS_DEPLOYMENT_TARGET = 15.0;
				LD_RUNPATH_SEARCH_PATHS = (
					"$(inherited)",
					"@executable_path/Frameworks",
					"@loader_path/Frameworks",
				);
				MARKETING_VERSION = 1.0;
				PRODUCT_BUNDLE_IDENTIFIER = com.doctalk.SocketTestTests;
				PRODUCT_NAME = "$(TARGET_NAME)";
				SWIFT_EMIT_LOC_STRINGS = NO;
				SWIFT_VERSION = 5.0;
				TARGETED_DEVICE_FAMILY = "1,2";
				TEST_HOST = "$(BUILT_PRODUCTS_DIR)/SocketTest.app/SocketTest";
			};
			name = Release;
		};
		C918840927215F8700F2D0DC /* Debug */ = {
			isa = XCBuildConfiguration;
			baseConfigurationReference = CFE1A1676F8AF8DC9CF9A928 /* Pods-SocketTest-SocketTestUITests.debug.xcconfig */;
			buildSettings = {
				ALWAYS_EMBED_SWIFT_STANDARD_LIBRARIES = YES;
				CODE_SIGN_STYLE = Automatic;
				CURRENT_PROJECT_VERSION = 1;
				DEVELOPMENT_TEAM = 83WLB5XAL4;
				GENERATE_INFOPLIST_FILE = YES;
				LD_RUNPATH_SEARCH_PATHS = (
					"$(inherited)",
					"@executable_path/Frameworks",
					"@loader_path/Frameworks",
				);
				MARKETING_VERSION = 1.0;
				PRODUCT_BUNDLE_IDENTIFIER = com.doctalk.SocketTestUITests;
				PRODUCT_NAME = "$(TARGET_NAME)";
				SWIFT_EMIT_LOC_STRINGS = NO;
				SWIFT_VERSION = 5.0;
				TARGETED_DEVICE_FAMILY = "1,2";
				TEST_TARGET_NAME = SocketTest;
			};
			name = Debug;
		};
		C918840A27215F8700F2D0DC /* Release */ = {
			isa = XCBuildConfiguration;
			baseConfigurationReference = CE45E2C366B2515A8C238D13 /* Pods-SocketTest-SocketTestUITests.release.xcconfig */;
			buildSettings = {
				ALWAYS_EMBED_SWIFT_STANDARD_LIBRARIES = YES;
				CODE_SIGN_STYLE = Automatic;
				CURRENT_PROJECT_VERSION = 1;
				DEVELOPMENT_TEAM = 83WLB5XAL4;
				GENERATE_INFOPLIST_FILE = YES;
				LD_RUNPATH_SEARCH_PATHS = (
					"$(inherited)",
					"@executable_path/Frameworks",
					"@loader_path/Frameworks",
				);
				MARKETING_VERSION = 1.0;
				PRODUCT_BUNDLE_IDENTIFIER = com.doctalk.SocketTestUITests;
				PRODUCT_NAME = "$(TARGET_NAME)";
				SWIFT_EMIT_LOC_STRINGS = NO;
				SWIFT_VERSION = 5.0;
				TARGETED_DEVICE_FAMILY = "1,2";
				TEST_TARGET_NAME = SocketTest;
			};
			name = Release;
		};
/* End XCBuildConfiguration section */

/* Begin XCConfigurationList section */
		C91883D327215F8600F2D0DC /* Build configuration list for PBXProject "SocketTest" */ = {
			isa = XCConfigurationList;
			buildConfigurations = (
				C918840027215F8700F2D0DC /* Debug */,
				C918840127215F8700F2D0DC /* Release */,
			);
			defaultConfigurationIsVisible = 0;
			defaultConfigurationName = Release;
		};
		C918840227215F8700F2D0DC /* Build configuration list for PBXNativeTarget "SocketTest" */ = {
			isa = XCConfigurationList;
			buildConfigurations = (
				C918840327215F8700F2D0DC /* Debug */,
				C918840427215F8700F2D0DC /* Release */,
			);
			defaultConfigurationIsVisible = 0;
			defaultConfigurationName = Release;
		};
		C918840527215F8700F2D0DC /* Build configuration list for PBXNativeTarget "SocketTestTests" */ = {
			isa = XCConfigurationList;
			buildConfigurations = (
				C918840627215F8700F2D0DC /* Debug */,
				C918840727215F8700F2D0DC /* Release */,
			);
			defaultConfigurationIsVisible = 0;
			defaultConfigurationName = Release;
		};
		C918840827215F8700F2D0DC /* Build configuration list for PBXNativeTarget "SocketTestUITests" */ = {
			isa = XCConfigurationList;
			buildConfigurations = (
				C918840927215F8700F2D0DC /* Debug */,
				C918840A27215F8700F2D0DC /* Release */,
			);
			defaultConfigurationIsVisible = 0;
			defaultConfigurationName = Release;
		};
/* End XCConfigurationList section */
	};
	rootObject = C91883D027215F8600F2D0DC /* Project object */;
}
